
Microsoft Visual Studio Solution File, Format Version 12.00
# Visual Studio 14
VisualStudioVersion = 14.0.23107.0
MinimumVisualStudioVersion = 10.0.40219.1
Project("{FAE04EC0-301F-11D3-BF4B-00C04F79EFBC}") = "JobTimer.WebApplication", "JobTimer.WebApplication\JobTimer.WebApplication.csproj", "{B9634E63-44F0-4126-9E19-2C96347653EC}"
EndProject
Project("{FAE04EC0-301F-11D3-BF4B-00C04F79EFBC}") = "JobTimer.Data.Access.Identity", "JobTimer.Data.Access.Identity\JobTimer.Data.Access.Identity.csproj", "{87F24A7B-05EE-42CD-B696-9B08F3E1D0AF}"
EndProject
Project("{FAE04EC0-301F-11D3-BF4B-00C04F79EFBC}") = "JobTimer.Data.Model", "JobTimer.Data.Model\JobTimer.Data.Model.csproj", "{B6C63FF7-8642-4B62-9F01-7FFA8B7D2ED7}"
EndProject
Project("{FAE04EC0-301F-11D3-BF4B-00C04F79EFBC}") = "JobTimer.WebApplication.Loaders", "JobTimer.Loaders\JobTimer.WebApplication.Loaders.csproj", "{073EBE86-3C7A-4580-B22F-74C405393A09}"
EndProject
Project("{FAE04EC0-301F-11D3-BF4B-00C04F79EFBC}") = "JobTimer.Utils", "JobTimer.Utils\JobTimer.Utils.csproj", "{1EB06FF0-A219-45D1-B0B1-74A37676BD58}"
EndProject
Project("{FAE04EC0-301F-11D3-BF4B-00C04F79EFBC}") = "JobTimer.WebApplication.TypeScript", "JobTimer.WebApplication.TypeScript\JobTimer.WebApplication.TypeScript.csproj", "{9BDB72BF-361A-4EC2-A07A-079AC69BED13}"
EndProject
Project("{FAE04EC0-301F-11D3-BF4B-00C04F79EFBC}") = "JobTimer.WebApplication.ViewModels", "JobTimer.WebApplication.ViewModels\JobTimer.WebApplication.ViewModels.csproj", "{42F996DE-9326-4755-813D-10CE725A10C2}"
EndProject
Project("{FAE04EC0-301F-11D3-BF4B-00C04F79EFBC}") = "TypeScript.Compiler", "TypeScript.Compiler\TypeScript.Compiler.csproj", "{30A0CB71-9FD6-4F97-A6C3-DFA6CE19DFC2}"
EndProject
Project("{FAE04EC0-301F-11D3-BF4B-00C04F79EFBC}") = "JobTimer.WebApplication.Hubs", "JobTimer.WebApplication.Hubs\JobTimer.WebApplication.Hubs.csproj", "{81FF62BE-23BD-4257-B728-1E4C0FD5E48B}"
EndProject
Project("{2150E333-8FDC-42A3-9474-1A3956D46DE8}") = "Test", "Test", "{AD6D83C0-436C-4FF8-AA42-46584EFBB861}"
EndProject
Project("{FAE04EC0-301F-11D3-BF4B-00C04F79EFBC}") = "JobTimer.Data.Access.Test", "JobTimer.Data.Access.Test\JobTimer.Data.Access.Test.csproj", "{EBCDCA50-CC13-45B8-A85C-9556A180CA15}"
EndProject
Project("{FAE04EC0-301F-11D3-BF4B-00C04F79EFBC}") = "JobTimer.WebApplication.Test", "JobTimer.WebApplication.Test\JobTimer.WebApplication.Test.csproj", "{918AF8D5-1A8C-4BA0-A891-FF2A3A4AE540}"
EndProject
Project("{FAE04EC0-301F-11D3-BF4B-00C04F79EFBC}") = "JobTimer.Utils.Test", "JobTimer.Utils.Test\JobTimer.Utils.Test.csproj", "{A8895DD2-325B-424D-9404-AE21F94A5EF8}"
EndProject
Project("{FAE04EC0-301F-11D3-BF4B-00C04F79EFBC}") = "JobTimer.Data.Dtos", "JobTimer.Data.Dtos\JobTimer.Data.Dtos.csproj", "{105644BF-40B9-4DAA-A5AA-4FEFAA1E56FE}"
EndProject
Project("{FAE04EC0-301F-11D3-BF4B-00C04F79EFBC}") = "JobTimer.WebApplication.Logic", "JobTimer.WebApplication.Logic\JobTimer.WebApplication.Logic.csproj", "{038B0634-7D7A-48D2-8DF0-F38B5173F11A}"
EndProject
Project("{FAE04EC0-301F-11D3-BF4B-00C04F79EFBC}") = "JobTimer.WebApplication.Logic.Model", "JobTimer.WebApplication.Logic.Model\JobTimer.WebApplication.Logic.Model.csproj", "{1FDD08C9-1E56-4957-A540-13E403E96C52}"
EndProject
Project("{2150E333-8FDC-42A3-9474-1A3956D46DE8}") = "Data", "Data", "{2E76F1F9-5BCD-45B6-8541-87458405F938}"
EndProject
Project("{2150E333-8FDC-42A3-9474-1A3956D46DE8}") = "Web", "Web", "{391C3666-D128-4FAC-9618-0CE20BDCFF0A}"
EndProject
Project("{2150E333-8FDC-42A3-9474-1A3956D46DE8}") = "Logic", "Logic", "{50DFEE94-15C1-4616-BD11-94BF56E25951}"
EndProject
Project("{2150E333-8FDC-42A3-9474-1A3956D46DE8}") = "Test", "Test", "{A077B621-7D6B-47A3-B521-839451754AF5}"
EndProject
Project("{2150E333-8FDC-42A3-9474-1A3956D46DE8}") = "Test", "Test", "{532B6B17-57E3-4A8C-A98E-7ED3852F1AB3}"
EndProject
Project("{2150E333-8FDC-42A3-9474-1A3956D46DE8}") = "Test", "Test", "{F47A1871-2D27-4D2D-8C24-F99A179044D3}"
EndProject
Project("{FAE04EC0-301F-11D3-BF4B-00C04F79EFBC}") = "JobTimer.WebApplication.Logic.Test", "JobTimer.WebApplication.Logic.Test\JobTimer.WebApplication.Logic.Test.csproj", "{7DED0CDE-DC1E-45F5-B065-3CF329B05D41}"
EndProject
Project("{2150E333-8FDC-42A3-9474-1A3956D46DE8}") = "Loader", "Loader", "{5AE5E594-EDBF-4CA8-B9E7-64F9BD9236A9}"
EndProject
Project("{2150E333-8FDC-42A3-9474-1A3956D46DE8}") = "Test", "Test", "{300660C2-2944-416F-929C-9CBC8938A953}"
EndProject
Project("{FAE04EC0-301F-11D3-BF4B-00C04F79EFBC}") = "JobTimer.WebApplication.Loaders.Test", "JobTimer.WebApplication.Loaders.Test\JobTimer.WebApplication.Loaders.Test.csproj", "{B8FD4104-8456-4330-A164-FB718D32880B}"
EndProject
Project("{FAE04EC0-301F-11D3-BF4B-00C04F79EFBC}") = "JobTimer.Data.Access", "JobTimer.Data.Access\JobTimer.Data.Access.csproj", "{1C266DF5-EC9E-42FC-98A0-3B2AC16D52F6}"
EndProject
Project("{FAE04EC0-301F-11D3-BF4B-00C04F79EFBC}") = "JobTimer.Data.Model.Identity", "JobTimer.Data.Model.Identity\JobTimer.Data.Model.Identity.csproj", "{C2D5FEF2-83F9-40CD-8A9A-ADA26CECE679}"
EndProject
Project("{FAE04EC0-301F-11D3-BF4B-00C04F79EFBC}") = "JobTimer.Data.Access.Identity.Test", "JobTimer.Data.Access.Identity.Test\JobTimer.Data.Access.Identity.Test.csproj", "{9ED0D64B-6CEF-4E85-890B-32480B8B835A}"
EndProject
Global
	GlobalSection(SolutionConfigurationPlatforms) = preSolution
		Debug|Any CPU = Debug|Any CPU
		Release|Any CPU = Release|Any CPU
	EndGlobalSection
	GlobalSection(ProjectConfigurationPlatforms) = postSolution
		{B9634E63-44F0-4126-9E19-2C96347653EC}.Debug|Any CPU.ActiveCfg = Debug|Any CPU
		{B9634E63-44F0-4126-9E19-2C96347653EC}.Debug|Any CPU.Build.0 = Debug|Any CPU
		{B9634E63-44F0-4126-9E19-2C96347653EC}.Release|Any CPU.ActiveCfg = Release|Any CPU
		{B9634E63-44F0-4126-9E19-2C96347653EC}.Release|Any CPU.Build.0 = Release|Any CPU
		{87F24A7B-05EE-42CD-B696-9B08F3E1D0AF}.Debug|Any CPU.ActiveCfg = Debug|Any CPU
		{87F24A7B-05EE-42CD-B696-9B08F3E1D0AF}.Debug|Any CPU.Build.0 = Debug|Any CPU
		{87F24A7B-05EE-42CD-B696-9B08F3E1D0AF}.Release|Any CPU.ActiveCfg = Release|Any CPU
		{87F24A7B-05EE-42CD-B696-9B08F3E1D0AF}.Release|Any CPU.Build.0 = Release|Any CPU
		{B6C63FF7-8642-4B62-9F01-7FFA8B7D2ED7}.Debug|Any CPU.ActiveCfg = Debug|Any CPU
		{B6C63FF7-8642-4B62-9F01-7FFA8B7D2ED7}.Debug|Any CPU.Build.0 = Debug|Any CPU
		{B6C63FF7-8642-4B62-9F01-7FFA8B7D2ED7}.Release|Any CPU.ActiveCfg = Release|Any CPU
		{B6C63FF7-8642-4B62-9F01-7FFA8B7D2ED7}.Release|Any CPU.Build.0 = Release|Any CPU
		{073EBE86-3C7A-4580-B22F-74C405393A09}.Debug|Any CPU.ActiveCfg = Debug|Any CPU
		{073EBE86-3C7A-4580-B22F-74C405393A09}.Debug|Any CPU.Build.0 = Debug|Any CPU
		{073EBE86-3C7A-4580-B22F-74C405393A09}.Release|Any CPU.ActiveCfg = Release|Any CPU
		{073EBE86-3C7A-4580-B22F-74C405393A09}.Release|Any CPU.Build.0 = Release|Any CPU
		{1EB06FF0-A219-45D1-B0B1-74A37676BD58}.Debug|Any CPU.ActiveCfg = Debug|Any CPU
		{1EB06FF0-A219-45D1-B0B1-74A37676BD58}.Debug|Any CPU.Build.0 = Debug|Any CPU
		{1EB06FF0-A219-45D1-B0B1-74A37676BD58}.Release|Any CPU.ActiveCfg = Release|Any CPU
		{1EB06FF0-A219-45D1-B0B1-74A37676BD58}.Release|Any CPU.Build.0 = Release|Any CPU
		{9BDB72BF-361A-4EC2-A07A-079AC69BED13}.Debug|Any CPU.ActiveCfg = Debug|Any CPU
		{9BDB72BF-361A-4EC2-A07A-079AC69BED13}.Debug|Any CPU.Build.0 = Debug|Any CPU
		{9BDB72BF-361A-4EC2-A07A-079AC69BED13}.Release|Any CPU.ActiveCfg = Release|Any CPU
		{9BDB72BF-361A-4EC2-A07A-079AC69BED13}.Release|Any CPU.Build.0 = Release|Any CPU
		{42F996DE-9326-4755-813D-10CE725A10C2}.Debug|Any CPU.ActiveCfg = Debug|Any CPU
		{42F996DE-9326-4755-813D-10CE725A10C2}.Debug|Any CPU.Build.0 = Debug|Any CPU
		{42F996DE-9326-4755-813D-10CE725A10C2}.Release|Any CPU.ActiveCfg = Release|Any CPU
		{42F996DE-9326-4755-813D-10CE725A10C2}.Release|Any CPU.Build.0 = Release|Any CPU
		{30A0CB71-9FD6-4F97-A6C3-DFA6CE19DFC2}.Debug|Any CPU.ActiveCfg = Debug|Any CPU
		{30A0CB71-9FD6-4F97-A6C3-DFA6CE19DFC2}.Debug|Any CPU.Build.0 = Debug|Any CPU
		{30A0CB71-9FD6-4F97-A6C3-DFA6CE19DFC2}.Release|Any CPU.ActiveCfg = Release|Any CPU
		{30A0CB71-9FD6-4F97-A6C3-DFA6CE19DFC2}.Release|Any CPU.Build.0 = Release|Any CPU
		{81FF62BE-23BD-4257-B728-1E4C0FD5E48B}.Debug|Any CPU.ActiveCfg = Debug|Any CPU
		{81FF62BE-23BD-4257-B728-1E4C0FD5E48B}.Debug|Any CPU.Build.0 = Debug|Any CPU
		{81FF62BE-23BD-4257-B728-1E4C0FD5E48B}.Release|Any CPU.ActiveCfg = Release|Any CPU
		{81FF62BE-23BD-4257-B728-1E4C0FD5E48B}.Release|Any CPU.Build.0 = Release|Any CPU
		{EBCDCA50-CC13-45B8-A85C-9556A180CA15}.Debug|Any CPU.ActiveCfg = Debug|Any CPU
		{EBCDCA50-CC13-45B8-A85C-9556A180CA15}.Debug|Any CPU.Build.0 = Debug|Any CPU
		{EBCDCA50-CC13-45B8-A85C-9556A180CA15}.Release|Any CPU.ActiveCfg = Release|Any CPU
		{EBCDCA50-CC13-45B8-A85C-9556A180CA15}.Release|Any CPU.Build.0 = Release|Any CPU
		{918AF8D5-1A8C-4BA0-A891-FF2A3A4AE540}.Debug|Any CPU.ActiveCfg = Debug|Any CPU
		{918AF8D5-1A8C-4BA0-A891-FF2A3A4AE540}.Debug|Any CPU.Build.0 = Debug|Any CPU
		{918AF8D5-1A8C-4BA0-A891-FF2A3A4AE540}.Release|Any CPU.ActiveCfg = Release|Any CPU
		{918AF8D5-1A8C-4BA0-A891-FF2A3A4AE540}.Release|Any CPU.Build.0 = Release|Any CPU
		{A8895DD2-325B-424D-9404-AE21F94A5EF8}.Debug|Any CPU.ActiveCfg = Debug|Any CPU
		{A8895DD2-325B-424D-9404-AE21F94A5EF8}.Debug|Any CPU.Build.0 = Debug|Any CPU
		{A8895DD2-325B-424D-9404-AE21F94A5EF8}.Release|Any CPU.ActiveCfg = Release|Any CPU
		{A8895DD2-325B-424D-9404-AE21F94A5EF8}.Release|Any CPU.Build.0 = Release|Any CPU
		{105644BF-40B9-4DAA-A5AA-4FEFAA1E56FE}.Debug|Any CPU.ActiveCfg = Debug|Any CPU
		{105644BF-40B9-4DAA-A5AA-4FEFAA1E56FE}.Debug|Any CPU.Build.0 = Debug|Any CPU
		{105644BF-40B9-4DAA-A5AA-4FEFAA1E56FE}.Release|Any CPU.ActiveCfg = Release|Any CPU
		{105644BF-40B9-4DAA-A5AA-4FEFAA1E56FE}.Release|Any CPU.Build.0 = Release|Any CPU
		{038B0634-7D7A-48D2-8DF0-F38B5173F11A}.Debug|Any CPU.ActiveCfg = Debug|Any CPU
		{038B0634-7D7A-48D2-8DF0-F38B5173F11A}.Debug|Any CPU.Build.0 = Debug|Any CPU
		{038B0634-7D7A-48D2-8DF0-F38B5173F11A}.Release|Any CPU.ActiveCfg = Release|Any CPU
		{038B0634-7D7A-48D2-8DF0-F38B5173F11A}.Release|Any CPU.Build.0 = Release|Any CPU
		{1FDD08C9-1E56-4957-A540-13E403E96C52}.Debug|Any CPU.ActiveCfg = Debug|Any CPU
		{1FDD08C9-1E56-4957-A540-13E403E96C52}.Debug|Any CPU.Build.0 = Debug|Any CPU
		{1FDD08C9-1E56-4957-A540-13E403E96C52}.Release|Any CPU.ActiveCfg = Release|Any CPU
		{1FDD08C9-1E56-4957-A540-13E403E96C52}.Release|Any CPU.Build.0 = Release|Any CPU
		{7DED0CDE-DC1E-45F5-B065-3CF329B05D41}.Debug|Any CPU.ActiveCfg = Debug|Any CPU
		{7DED0CDE-DC1E-45F5-B065-3CF329B05D41}.Debug|Any CPU.Build.0 = Debug|Any CPU
		{7DED0CDE-DC1E-45F5-B065-3CF329B05D41}.Release|Any CPU.ActiveCfg = Release|Any CPU
		{7DED0CDE-DC1E-45F5-B065-3CF329B05D41}.Release|Any CPU.Build.0 = Release|Any CPU
		{B8FD4104-8456-4330-A164-FB718D32880B}.Debug|Any CPU.ActiveCfg = Debug|Any CPU
		{B8FD4104-8456-4330-A164-FB718D32880B}.Debug|Any CPU.Build.0 = Debug|Any CPU
		{B8FD4104-8456-4330-A164-FB718D32880B}.Release|Any CPU.ActiveCfg = Release|Any CPU
		{B8FD4104-8456-4330-A164-FB718D32880B}.Release|Any CPU.Build.0 = Release|Any CPU
		{1C266DF5-EC9E-42FC-98A0-3B2AC16D52F6}.Debug|Any CPU.ActiveCfg = Debug|Any CPU
		{1C266DF5-EC9E-42FC-98A0-3B2AC16D52F6}.Debug|Any CPU.Build.0 = Debug|Any CPU
		{1C266DF5-EC9E-42FC-98A0-3B2AC16D52F6}.Release|Any CPU.ActiveCfg = Release|Any CPU
		{1C266DF5-EC9E-42FC-98A0-3B2AC16D52F6}.Release|Any CPU.Build.0 = Release|Any CPU
		{C2D5FEF2-83F9-40CD-8A9A-ADA26CECE679}.Debug|Any CPU.ActiveCfg = Debug|Any CPU
		{C2D5FEF2-83F9-40CD-8A9A-ADA26CECE679}.Debug|Any CPU.Build.0 = Debug|Any CPU
		{C2D5FEF2-83F9-40CD-8A9A-ADA26CECE679}.Release|Any CPU.ActiveCfg = Release|Any CPU
		{C2D5FEF2-83F9-40CD-8A9A-ADA26CECE679}.Release|Any CPU.Build.0 = Release|Any CPU
		{9ED0D64B-6CEF-4E85-890B-32480B8B835A}.Debug|Any CPU.ActiveCfg = Debug|Any CPU
		{9ED0D64B-6CEF-4E85-890B-32480B8B835A}.Debug|Any CPU.Build.0 = Debug|Any CPU
		{9ED0D64B-6CEF-4E85-890B-32480B8B835A}.Release|Any CPU.ActiveCfg = Release|Any CPU
		{9ED0D64B-6CEF-4E85-890B-32480B8B835A}.Release|Any CPU.Build.0 = Release|Any CPU
	EndGlobalSection
	GlobalSection(SolutionProperties) = preSolution
		HideSolutionNode = FALSE
	EndGlobalSection
	GlobalSection(NestedProjects) = preSolution
		{B9634E63-44F0-4126-9E19-2C96347653EC} = {391C3666-D128-4FAC-9618-0CE20BDCFF0A}
		{87F24A7B-05EE-42CD-B696-9B08F3E1D0AF} = {2E76F1F9-5BCD-45B6-8541-87458405F938}
		{B6C63FF7-8642-4B62-9F01-7FFA8B7D2ED7} = {2E76F1F9-5BCD-45B6-8541-87458405F938}
		{073EBE86-3C7A-4580-B22F-74C405393A09} = {5AE5E594-EDBF-4CA8-B9E7-64F9BD9236A9}
		{9BDB72BF-361A-4EC2-A07A-079AC69BED13} = {391C3666-D128-4FAC-9618-0CE20BDCFF0A}
		{42F996DE-9326-4755-813D-10CE725A10C2} = {391C3666-D128-4FAC-9618-0CE20BDCFF0A}
		{81FF62BE-23BD-4257-B728-1E4C0FD5E48B} = {391C3666-D128-4FAC-9618-0CE20BDCFF0A}
		{EBCDCA50-CC13-45B8-A85C-9556A180CA15} = {532B6B17-57E3-4A8C-A98E-7ED3852F1AB3}
		{918AF8D5-1A8C-4BA0-A891-FF2A3A4AE540} = {A077B621-7D6B-47A3-B521-839451754AF5}
		{A8895DD2-325B-424D-9404-AE21F94A5EF8} = {AD6D83C0-436C-4FF8-AA42-46584EFBB861}
		{105644BF-40B9-4DAA-A5AA-4FEFAA1E56FE} = {2E76F1F9-5BCD-45B6-8541-87458405F938}
		{038B0634-7D7A-48D2-8DF0-F38B5173F11A} = {50DFEE94-15C1-4616-BD11-94BF56E25951}
		{1FDD08C9-1E56-4957-A540-13E403E96C52} = {50DFEE94-15C1-4616-BD11-94BF56E25951}
		{50DFEE94-15C1-4616-BD11-94BF56E25951} = {391C3666-D128-4FAC-9618-0CE20BDCFF0A}
		{A077B621-7D6B-47A3-B521-839451754AF5} = {391C3666-D128-4FAC-9618-0CE20BDCFF0A}
		{532B6B17-57E3-4A8C-A98E-7ED3852F1AB3} = {2E76F1F9-5BCD-45B6-8541-87458405F938}
		{F47A1871-2D27-4D2D-8C24-F99A179044D3} = {50DFEE94-15C1-4616-BD11-94BF56E25951}
		{7DED0CDE-DC1E-45F5-B065-3CF329B05D41} = {F47A1871-2D27-4D2D-8C24-F99A179044D3}
		{5AE5E594-EDBF-4CA8-B9E7-64F9BD9236A9} = {391C3666-D128-4FAC-9618-0CE20BDCFF0A}
		{300660C2-2944-416F-929C-9CBC8938A953} = {5AE5E594-EDBF-4CA8-B9E7-64F9BD9236A9}
		{B8FD4104-8456-4330-A164-FB718D32880B} = {300660C2-2944-416F-929C-9CBC8938A953}
		{1C266DF5-EC9E-42FC-98A0-3B2AC16D52F6} = {2E76F1F9-5BCD-45B6-8541-87458405F938}
		{C2D5FEF2-83F9-40CD-8A9A-ADA26CECE679} = {2E76F1F9-5BCD-45B6-8541-87458405F938}
		{9ED0D64B-6CEF-4E85-890B-32480B8B835A} = {532B6B17-57E3-4A8C-A98E-7ED3852F1AB3}
	EndGlobalSection
EndGlobal
